// !$*UTF8*$!
{
	archiveVersion = 1;
	classes = {
	};
	objectVersion = 46;
	objects = {

/* Begin PBXBuildFile section */
		D6052D2B1C49264400B0282A /* AppDelegate.swift in Sources */ = {isa = PBXBuildFile; fileRef = D6052D2A1C49264400B0282A /* AppDelegate.swift */; };
		D6052D2D1C49264400B0282A /* ViewController.swift in Sources */ = {isa = PBXBuildFile; fileRef = D6052D2C1C49264400B0282A /* ViewController.swift */; };
		D6052D301C49264400B0282A /* Main.storyboard in Resources */ = {isa = PBXBuildFile; fileRef = D6052D2E1C49264400B0282A /* Main.storyboard */; };
		D6052D321C49264400B0282A /* Assets.xcassets in Resources */ = {isa = PBXBuildFile; fileRef = D6052D311C49264400B0282A /* Assets.xcassets */; };
		D6052D351C49264400B0282A /* LaunchScreen.storyboard in Resources */ = {isa = PBXBuildFile; fileRef = D6052D331C49264400B0282A /* LaunchScreen.storyboard */; };
		D6052D3F1C4926DF00B0282A /* Bolts.framework in Frameworks */ = {isa = PBXBuildFile; fileRef = D6052D3D1C4926DF00B0282A /* Bolts.framework */; };
		D6052D401C4926DF00B0282A /* Parse.framework in Frameworks */ = {isa = PBXBuildFile; fileRef = D6052D3E1C4926DF00B0282A /* Parse.framework */; };
		D6052D4B1C49279600B0282A /* AudioToolbox.framework in Frameworks */ = {isa = PBXBuildFile; fileRef = D6052D411C49279600B0282A /* AudioToolbox.framework */; };
		D6052D4C1C49279600B0282A /* CFNetwork.framework in Frameworks */ = {isa = PBXBuildFile; fileRef = D6052D421C49279600B0282A /* CFNetwork.framework */; };
		D6052D4D1C49279600B0282A /* CoreGraphics.framework in Frameworks */ = {isa = PBXBuildFile; fileRef = D6052D431C49279600B0282A /* CoreGraphics.framework */; };
		D6052D4E1C49279600B0282A /* CoreLocation.framework in Frameworks */ = {isa = PBXBuildFile; fileRef = D6052D441C49279600B0282A /* CoreLocation.framework */; };
		D6052D4F1C49279600B0282A /* libsqlite3.tbd in Frameworks */ = {isa = PBXBuildFile; fileRef = D6052D451C49279600B0282A /* libsqlite3.tbd */; };
		D6052D501C49279600B0282A /* libz.tbd in Frameworks */ = {isa = PBXBuildFile; fileRef = D6052D461C49279600B0282A /* libz.tbd */; };
		D6052D511C49279600B0282A /* QuartzCore.framework in Frameworks */ = {isa = PBXBuildFile; fileRef = D6052D471C49279600B0282A /* QuartzCore.framework */; };
		D6052D521C49279600B0282A /* Security.framework in Frameworks */ = {isa = PBXBuildFile; fileRef = D6052D481C49279600B0282A /* Security.framework */; };
		D6052D531C49279600B0282A /* StoreKit.framework in Frameworks */ = {isa = PBXBuildFile; fileRef = D6052D491C49279600B0282A /* StoreKit.framework */; };
		D6052D541C49279600B0282A /* SystemConfiguration.framework in Frameworks */ = {isa = PBXBuildFile; fileRef = D6052D4A1C49279600B0282A /* SystemConfiguration.framework */; };
		D6052D561C49AC5E00B0282A /* videoOber.mp4 in Resources */ = {isa = PBXBuildFile; fileRef = D6052D551C49AC5E00B0282A /* videoOber.mp4 */; };
		D6052D591C49AC8600B0282A /* AVFoundation.framework in Frameworks */ = {isa = PBXBuildFile; fileRef = D6052D571C49AC8600B0282A /* AVFoundation.framework */; };
		D6052D5A1C49AC8600B0282A /* AVKit.framework in Frameworks */ = {isa = PBXBuildFile; fileRef = D6052D581C49AC8600B0282A /* AVKit.framework */; };
		D6052D5C1C4A7FAF00B0282A /* SignUpViewController.swift in Sources */ = {isa = PBXBuildFile; fileRef = D6052D5B1C4A7FAF00B0282A /* SignUpViewController.swift */; };
/* End PBXBuildFile section */

/* Begin PBXFileReference section */
		D6052D271C49264400B0282A /* Atlante VTC.app */ = {isa = PBXFileReference; explicitFileType = wrapper.application; includeInIndex = 0; path = "Atlante VTC.app"; sourceTree = BUILT_PRODUCTS_DIR; };
		D6052D2A1C49264400B0282A /* AppDelegate.swift */ = {isa = PBXFileReference; lastKnownFileType = sourcecode.swift; path = AppDelegate.swift; sourceTree = "<group>"; };
		D6052D2C1C49264400B0282A /* ViewController.swift */ = {isa = PBXFileReference; lastKnownFileType = sourcecode.swift; path = ViewController.swift; sourceTree = "<group>"; };
		D6052D2F1C49264400B0282A /* Base */ = {isa = PBXFileReference; lastKnownFileType = file.storyboard; name = Base; path = Base.lproj/Main.storyboard; sourceTree = "<group>"; };
		D6052D311C49264400B0282A /* Assets.xcassets */ = {isa = PBXFileReference; lastKnownFileType = folder.assetcatalog; path = Assets.xcassets; sourceTree = "<group>"; };
		D6052D341C49264400B0282A /* Base */ = {isa = PBXFileReference; lastKnownFileType = file.storyboard; name = Base; path = Base.lproj/LaunchScreen.storyboard; sourceTree = "<group>"; };
		D6052D361C49264400B0282A /* Info.plist */ = {isa = PBXFileReference; lastKnownFileType = text.plist.xml; path = Info.plist; sourceTree = "<group>"; };
		D6052D3D1C4926DF00B0282A /* Bolts.framework */ = {isa = PBXFileReference; lastKnownFileType = wrapper.framework; path = Bolts.framework; sourceTree = "<group>"; };
		D6052D3E1C4926DF00B0282A /* Parse.framework */ = {isa = PBXFileReference; lastKnownFileType = wrapper.framework; path = Parse.framework; sourceTree = "<group>"; };
		D6052D411C49279600B0282A /* AudioToolbox.framework */ = {isa = PBXFileReference; lastKnownFileType = wrapper.framework; name = AudioToolbox.framework; path = System/Library/Frameworks/AudioToolbox.framework; sourceTree = SDKROOT; };
		D6052D421C49279600B0282A /* CFNetwork.framework */ = {isa = PBXFileReference; lastKnownFileType = wrapper.framework; name = CFNetwork.framework; path = System/Library/Frameworks/CFNetwork.framework; sourceTree = SDKROOT; };
		D6052D431C49279600B0282A /* CoreGraphics.framework */ = {isa = PBXFileReference; lastKnownFileType = wrapper.framework; name = CoreGraphics.framework; path = System/Library/Frameworks/CoreGraphics.framework; sourceTree = SDKROOT; };
		D6052D441C49279600B0282A /* CoreLocation.framework */ = {isa = PBXFileReference; lastKnownFileType = wrapper.framework; name = CoreLocation.framework; path = System/Library/Frameworks/CoreLocation.framework; sourceTree = SDKROOT; };
		D6052D451C49279600B0282A /* libsqlite3.tbd */ = {isa = PBXFileReference; lastKnownFileType = "sourcecode.text-based-dylib-definition"; name = libsqlite3.tbd; path = usr/lib/libsqlite3.tbd; sourceTree = SDKROOT; };
		D6052D461C49279600B0282A /* libz.tbd */ = {isa = PBXFileReference; lastKnownFileType = "sourcecode.text-based-dylib-definition"; name = libz.tbd; path = usr/lib/libz.tbd; sourceTree = SDKROOT; };
		D6052D471C49279600B0282A /* QuartzCore.framework */ = {isa = PBXFileReference; lastKnownFileType = wrapper.framework; name = QuartzCore.framework; path = System/Library/Frameworks/QuartzCore.framework; sourceTree = SDKROOT; };
		D6052D481C49279600B0282A /* Security.framework */ = {isa = PBXFileReference; lastKnownFileType = wrapper.framework; name = Security.framework; path = System/Library/Frameworks/Security.framework; sourceTree = SDKROOT; };
		D6052D491C49279600B0282A /* StoreKit.framework */ = {isa = PBXFileReference; lastKnownFileType = wrapper.framework; name = StoreKit.framework; path = System/Library/Frameworks/StoreKit.framework; sourceTree = SDKROOT; };
		D6052D4A1C49279600B0282A /* SystemConfiguration.framework */ = {isa = PBXFileReference; lastKnownFileType = wrapper.framework; name = SystemConfiguration.framework; path = System/Library/Frameworks/SystemConfiguration.framework; sourceTree = SDKROOT; };
		D6052D551C49AC5E00B0282A /* videoOber.mp4 */ = {isa = PBXFileReference; lastKnownFileType = file; path = videoOber.mp4; sourceTree = "<group>"; };
		D6052D571C49AC8600B0282A /* AVFoundation.framework */ = {isa = PBXFileReference; lastKnownFileType = wrapper.framework; name = AVFoundation.framework; path = System/Library/Frameworks/AVFoundation.framework; sourceTree = SDKROOT; };
		D6052D581C49AC8600B0282A /* AVKit.framework */ = {isa = PBXFileReference; lastKnownFileType = wrapper.framework; name = AVKit.framework; path = System/Library/Frameworks/AVKit.framework; sourceTree = SDKROOT; };
		D6052D5B1C4A7FAF00B0282A /* SignUpViewController.swift */ = {isa = PBXFileReference; fileEncoding = 4; lastKnownFileType = sourcecode.swift; path = SignUpViewController.swift; sourceTree = "<group>"; };
/* End PBXFileReference section */

/* Begin PBXFrameworksBuildPhase section */
		D6052D241C49264400B0282A /* Frameworks */ = {
			isa = PBXFrameworksBuildPhase;
			buildActionMask = 2147483647;
			files = (
				D6052D591C49AC8600B0282A /* AVFoundation.framework in Frameworks */,
				D6052D5A1C49AC8600B0282A /* AVKit.framework in Frameworks */,
				D6052D4B1C49279600B0282A /* AudioToolbox.framework in Frameworks */,
				D6052D4C1C49279600B0282A /* CFNetwork.framework in Frameworks */,
				D6052D4D1C49279600B0282A /* CoreGraphics.framework in Frameworks */,
				D6052D4E1C49279600B0282A /* CoreLocation.framework in Frameworks */,
				D6052D4F1C49279600B0282A /* libsqlite3.tbd in Frameworks */,
				D6052D501C49279600B0282A /* libz.tbd in Frameworks */,
				D6052D511C49279600B0282A /* QuartzCore.framework in Frameworks */,
				D6052D521C49279600B0282A /* Security.framework in Frameworks */,
				D6052D531C49279600B0282A /* StoreKit.framework in Frameworks */,
				D6052D541C49279600B0282A /* SystemConfiguration.framework in Frameworks */,
				D6052D401C4926DF00B0282A /* Parse.framework in Frameworks */,
				D6052D3F1C4926DF00B0282A /* Bolts.framework in Frameworks */,
			);
			runOnlyForDeploymentPostprocessing = 0;
		};
/* End PBXFrameworksBuildPhase section */

/* Begin PBXGroup section */
		D6052D1E1C49264400B0282A = {
			isa = PBXGroup;
			children = (
				D6052D291C49264400B0282A /* Atlante VTC */,
				D6052D281C49264400B0282A /* Products */,
				D6052D3C1C49267B00B0282A /* Frameworks */,
			);
			sourceTree = "<group>";
		};
		D6052D281C49264400B0282A /* Products */ = {
			isa = PBXGroup;
			children = (
				D6052D271C49264400B0282A /* Atlante VTC.app */,
			);
			name = Products;
			sourceTree = "<group>";
		};
		D6052D291C49264400B0282A /* Atlante VTC */ = {
			isa = PBXGroup;
			children = (
				D6052D2A1C49264400B0282A /* AppDelegate.swift */,
				D6052D2C1C49264400B0282A /* ViewController.swift */,
				D6052D5B1C4A7FAF00B0282A /* SignUpViewController.swift */,
				D6052D2E1C49264400B0282A /* Main.storyboard */,
				D6052D311C49264400B0282A /* Assets.xcassets */,
				D6052D331C49264400B0282A /* LaunchScreen.storyboard */,
				D6052D361C49264400B0282A /* Info.plist */,
				D6052D551C49AC5E00B0282A /* videoOber.mp4 */,
			);
			path = "Atlante VTC";
			sourceTree = "<group>";
		};
		D6052D3C1C49267B00B0282A /* Frameworks */ = {
			isa = PBXGroup;
			children = (
				D6052D571C49AC8600B0282A /* AVFoundation.framework */,
				D6052D581C49AC8600B0282A /* AVKit.framework */,
				D6052D411C49279600B0282A /* AudioToolbox.framework */,
				D6052D421C49279600B0282A /* CFNetwork.framework */,
				D6052D431C49279600B0282A /* CoreGraphics.framework */,
				D6052D441C49279600B0282A /* CoreLocation.framework */,
				D6052D451C49279600B0282A /* libsqlite3.tbd */,
				D6052D461C49279600B0282A /* libz.tbd */,
				D6052D471C49279600B0282A /* QuartzCore.framework */,
				D6052D481C49279600B0282A /* Security.framework */,
				D6052D491C49279600B0282A /* StoreKit.framework */,
				D6052D4A1C49279600B0282A /* SystemConfiguration.framework */,
				D6052D3D1C4926DF00B0282A /* Bolts.framework */,
				D6052D3E1C4926DF00B0282A /* Parse.framework */,
			);
			name = Frameworks;
			sourceTree = "<group>";
		};
/* End PBXGroup section */

/* Begin PBXNativeTarget section */
		D6052D261C49264400B0282A /* Atlante VTC */ = {
			isa = PBXNativeTarget;
			buildConfigurationList = D6052D391C49264400B0282A /* Build configuration list for PBXNativeTarget "Atlante VTC" */;
			buildPhases = (
				D6052D231C49264400B0282A /* Sources */,
				D6052D241C49264400B0282A /* Frameworks */,
				D6052D251C49264400B0282A /* Resources */,
			);
			buildRules = (
			);
			dependencies = (
			);
			name = "Atlante VTC";
			productName = "Atlante VTC";
			productReference = D6052D271C49264400B0282A /* Atlante VTC.app */;
			productType = "com.apple.product-type.application";
		};
/* End PBXNativeTarget section */

/* Begin PBXProject section */
		D6052D1F1C49264400B0282A /* Project object */ = {
			isa = PBXProject;
			attributes = {
				LastSwiftUpdateCheck = 0720;
				LastUpgradeCheck = 0720;
				ORGANIZATIONNAME = "Quentin L'EILDE";
				TargetAttributes = {
					D6052D261C49264400B0282A = {
						CreatedOnToolsVersion = 7.2;
					};
				};
			};
			buildConfigurationList = D6052D221C49264400B0282A /* Build configuration list for PBXProject "Atlante VTC" */;
			compatibilityVersion = "Xcode 3.2";
			developmentRegion = English;
			hasScannedForEncodings = 0;
			knownRegions = (
				en,
				Base,
			);
			mainGroup = D6052D1E1C49264400B0282A;
			productRefGroup = D6052D281C49264400B0282A /* Products */;
			projectDirPath = "";
			projectRoot = "";
			targets = (
				D6052D261C49264400B0282A /* Atlante VTC */,
			);
		};
/* End PBXProject section */

/* Begin PBXResourcesBuildPhase section */
		D6052D251C49264400B0282A /* Resources */ = {
			isa = PBXResourcesBuildPhase;
			buildActionMask = 2147483647;
			files = (
				D6052D351C49264400B0282A /* LaunchScreen.storyboard in Resources */,
				D6052D321C49264400B0282A /* Assets.xcassets in Resources */,
				D6052D301C49264400B0282A /* Main.storyboard in Resources */,
				D6052D561C49AC5E00B0282A /* videoOber.mp4 in Resources */,
			);
			runOnlyForDeploymentPostprocessing = 0;
		};
/* End PBXResourcesBuildPhase section */

/* Begin PBXSourcesBuildPhase section */
		D6052D231C49264400B0282A /* Sources */ = {
			isa = PBXSourcesBuildPhase;
			buildActionMask = 2147483647;
			files = (
				D6052D5C1C4A7FAF00B0282A /* SignUpViewController.swift in Sources */,
				D6052D2D1C49264400B0282A /* ViewController.swift in Sources */,
				D6052D2B1C49264400B0282A /* AppDelegate.swift in Sources */,
			);
			runOnlyForDeploymentPostprocessing = 0;
		};
/* End PBXSourcesBuildPhase section */

/* Begin PBXVariantGroup section */
		D6052D2E1C49264400B0282A /* Main.storyboard */ = {
			isa = PBXVariantGroup;
			children = (
				D6052D2F1C49264400B0282A /* Base */,
			);
			name = Main.storyboard;
			sourceTree = "<group>";
		};
		D6052D331C49264400B0282A /* LaunchScreen.storyboard */ = {
			isa = PBXVariantGroup;
			children = (
				D6052D341C49264400B0282A /* Base */,
			);
			name = LaunchScreen.storyboard;
			sourceTree = "<group>";
		};
/* End PBXVariantGroup section */

/* Begin XCBuildConfiguration section */
		D6052D371C49264400B0282A /* Debug */ = {
			isa = XCBuildConfiguration;
			buildSettings = {
				ALWAYS_SEARCH_USER_PATHS = NO;
				CLANG_CXX_LANGUAGE_STANDARD = "gnu++0x";
				CLANG_CXX_LIBRARY = "libc++";
				CLANG_ENABLE_MODULES = YES;
				CLANG_ENABLE_OBJC_ARC = YES;
				CLANG_WARN_BOOL_CONVERSION = YES;
				CLANG_WARN_CONSTANT_CONVERSION = YES;
				CLANG_WARN_DIRECT_OBJC_ISA_USAGE = YES_ERROR;
				CLANG_WARN_EMPTY_BODY = YES;
				CLANG_WARN_ENUM_CONVERSION = YES;
				CLANG_WARN_INT_CONVERSION = YES;
				CLANG_WARN_OBJC_ROOT_CLASS = YES_ERROR;
				CLANG_WARN_UNREACHABLE_CODE = YES;
				CLANG_WARN__DUPLICATE_METHOD_MATCH = YES;
				"CODE_SIGN_IDENTITY[sdk=iphoneos*]" = "iPhone Developer";
				COPY_PHASE_STRIP = NO;
				DEBUG_INFORMATION_FORMAT = dwarf;
				ENABLE_STRICT_OBJC_MSGSEND = YES;
				ENABLE_TESTABILITY = YES;
				GCC_C_LANGUAGE_STANDARD = gnu99;
				GCC_DYNAMIC_NO_PIC = NO;
				GCC_NO_COMMON_BLOCKS = YES;
				GCC_OPTIMIZATION_LEVEL = 0;
				GCC_PREPROCESSOR_DEFINITIONS = (
					"DEBUG=1",
					"$(inherited)",
				);
				GCC_WARN_64_TO_32_BIT_CONVERSION = YES;
				GCC_WARN_ABOUT_RETURN_TYPE = YES_ERROR;
				GCC_WARN_UNDECLARED_SELECTOR = YES;
				GCC_WARN_UNINITIALIZED_AUTOS = YES_AGGRESSIVE;
				GCC_WARN_UNUSED_FUNCTION = YES;
				GCC_WARN_UNUSED_VARIABLE = YES;
				IPHONEOS_DEPLOYMENT_TARGET = 9.2;
				MTL_ENABLE_DEBUG_INFO = YES;
				ONLY_ACTIVE_ARCH = YES;
				SDKROOT = iphoneos;
				SWIFT_OPTIMIZATION_LEVEL = "-Onone";
				TARGETED_DEVICE_FAMILY = "1,2";
			};
			name = Debug;
		};
		D6052D381C49264400B0282A /* Release */ = {
			isa = XCBuildConfiguration;
			buildSettings = {
				ALWAYS_SEARCH_USER_PATHS = NO;
				CLANG_CXX_LANGUAGE_STANDARD = "gnu++0x";
				CLANG_CXX_LIBRARY = "libc++";
				CLANG_ENABLE_MODULES = YES;
				CLANG_ENABLE_OBJC_ARC = YES;
				CLANG_WARN_BOOL_CONVERSION = YES;
				CLANG_WARN_CONSTANT_CONVERSION = YES;
				CLANG_WARN_DIRECT_OBJC_ISA_USAGE = YES_ERROR;
				CLANG_WARN_EMPTY_BODY = YES;
				CLANG_WARN_ENUM_CONVERSION = YES;
				CLANG_WARN_INT_CONVERSION = YES;
				CLANG_WARN_OBJC_ROOT_CLASS = YES_ERROR;
				CLANG_WARN_UNREACHABLE_CODE = YES;
				CLANG_WARN__DUPLICATE_METHOD_MATCH = YES;
				"CODE_SIGN_IDENTITY[sdk=iphoneos*]" = "iPhone Developer";
				COPY_PHASE_STRIP = NO;
				DEBUG_INFORMATION_FORMAT = "dwarf-with-dsym";
				ENABLE_NS_ASSERTIONS = NO;
				ENABLE_STRICT_OBJC_MSGSEND = YES;
				GCC_C_LANGUAGE_STANDARD = gnu99;
				GCC_NO_COMMON_BLOCKS = YES;
				GCC_WARN_64_TO_32_BIT_CONVERSION = YES;
				GCC_WARN_ABOUT_RETURN_TYPE = YES_ERROR;
				GCC_WARN_UNDECLARED_SELECTOR = YES;
				GCC_WARN_UNINITIALIZED_AUTOS = YES_AGGRESSIVE;
				GCC_WARN_UNUSED_FUNCTION = YES;
				GCC_WARN_UNUSED_VARIABLE = YES;
				IPHONEOS_DEPLOYMENT_TARGET = 9.2;
				MTL_ENABLE_DEBUG_INFO = NO;
				SDKROOT = iphoneos;
				TARGETED_DEVICE_FAMILY = "1,2";
				VALIDATE_PRODUCT = YES;
			};
			name = Release;
		};
		D6052D3A1C49264400B0282A /* Debug */ = {
			isa = XCBuildConfiguration;
			buildSettings = {
				ASSETCATALOG_COMPILER_APPICON_NAME = AppIcon;
				CODE_SIGN_IDENTITY = "iPhone Developer";
				FRAMEWORK_SEARCH_PATHS = (
					"$(inherited)",
					"$(PROJECT_DIR)",
				);
				INFOPLIST_FILE = "Atlante VTC/Info.plist";
				LD_RUNPATH_SEARCH_PATHS = "$(inherited) @executable_path/Frameworks";
				PRODUCT_BUNDLE_IDENTIFIER = "com.atlante-vtc.Atlante-VTC";
				PRODUCT_NAME = "$(TARGET_NAME)";
			};
			name = Debug;
		};
		D6052D3B1C49264400B0282A /* Release */ = {
			isa = XCBuildConfiguration;
			buildSettings = {
				ASSETCATALOG_COMPILER_APPICON_NAME = AppIcon;
				CODE_SIGN_IDENTITY = "iPhone Developer";
				FRAMEWORK_SEARCH_PATHS = (
					"$(inherited)",
					"$(PROJECT_DIR)",
				);
				INFOPLIST_FILE = "Atlante VTC/Info.plist";
				LD_RUNPATH_SEARCH_PATHS = "$(inherited) @executable_path/Frameworks";
				PRODUCT_BUNDLE_IDENTIFIER = "com.atlante-vtc.Atlante-VTC";
				PRODUCT_NAME = "$(TARGET_NAME)";
			};
			name = Release;
		};
/* End XCBuildConfiguration section */

/* Begin XCConfigurationList section */
		D6052D221C49264400B0282A /* Build configuration list for PBXProject "Atlante VTC" */ = {
			isa = XCConfigurationList;
			buildConfigurations = (
				D6052D371C49264400B0282A /* Debug */,
				D6052D381C49264400B0282A /* Release */,
			);
			defaultConfigurationIsVisible = 0;
			defaultConfigurationName = Release;
		};
		D6052D391C49264400B0282A /* Build configuration list for PBXNativeTarget "Atlante VTC" */ = {
			isa = XCConfigurationList;
			buildConfigurations = (
				D6052D3A1C49264400B0282A /* Debug */,
				D6052D3B1C49264400B0282A /* Release */,
			);
			defaultConfigurationIsVisible = 0;
		};
/* End XCConfigurationList section */
	};
	rootObject = D6052D1F1C49264400B0282A /* Project object */;
}
